
Microsoft Visual Studio Solution File, Format Version 12.00
# Visual Studio Version 17
VisualStudioVersion = 17.11.35219.272
MinimumVisualStudioVersion = 10.0.40219.1
Project("{FAE04EC0-301F-11D3-BF4B-00C04F79EFBC}") = "Sesion2", "Sesion2\Sesion2.csproj", "{A13B9C9E-F328-4E0C-BBA8-1D28B960403E}"
EndProject
Global
	GlobalSection(SolutionConfigurationPlatforms) = preSolution
		Debug|Any CPU = Debug|Any CPU
		Release|Any CPU = Release|Any CPU
	EndGlobalSection
	GlobalSection(ProjectConfigurationPlatforms) = postSolution
		{A13B9C9E-F328-4E0C-BBA8-1D28B960403E}.Debug|Any CPU.ActiveCfg = Debug|Any CPU
		{A13B9C9E-F328-4E0C-BBA8-1D28B960403E}.Debug|Any CPU.Build.0 = Debug|Any CPU
		{A13B9C9E-F328-4E0C-BBA8-1D28B960403E}.Release|Any CPU.ActiveCfg = Release|Any CPU
		{A13B9C9E-F328-4E0C-BBA8-1D28B960403E}.Release|Any CPU.Build.0 = Release|Any CPU
	EndGlobalSection
	GlobalSection(SolutionProperties) = preSolution
		HideSolutionNode = FALSE
	EndGlobalSection
	GlobalSection(ExtensibilityGlobals) = postSolution
		SolutionGuid = {4DDCF01F-B542-4938-B88E-8156E7665709}
	EndGlobalSection
EndGlobal
